
Microsoft Visual Studio Solution File, Format Version 12.00
# Visual Studio 2013
VisualStudioVersion = 12.0.30110.0
MinimumVisualStudioVersion = 10.0.40219.1
Project("{FAE04EC0-301F-11D3-BF4B-00C04F79EFBC}") = "BufferManager", "BufferManager\BufferManager.csproj", "{A794D3FB-06AC-471F-AB8D-6E98CBFA0021}"
EndProject
Project("{FAE04EC0-301F-11D3-BF4B-00C04F79EFBC}") = "BufferManager.Tests", "BufferManager.Tests\BufferManager.Tests.csproj", "{05598608-CF42-49C1-A220-B1B7D1EBD83E}"
EndProject
Global
	GlobalSection(SolutionConfigurationPlatforms) = preSolution
		Debug|Any CPU = Debug|Any CPU
		Release|Any CPU = Release|Any CPU
	EndGlobalSection
	GlobalSection(ProjectConfigurationPlatforms) = postSolution
		{A794D3FB-06AC-471F-AB8D-6E98CBFA0021}.Debug|Any CPU.ActiveCfg = Debug|Any CPU
		{A794D3FB-06AC-471F-AB8D-6E98CBFA0021}.Debug|Any CPU.Build.0 = Debug|Any CPU
		{A794D3FB-06AC-471F-AB8D-6E98CBFA0021}.Release|Any CPU.ActiveCfg = Release|Any CPU
		{A794D3FB-06AC-471F-AB8D-6E98CBFA0021}.Release|Any CPU.Build.0 = Release|Any CPU
		{05598608-CF42-49C1-A220-B1B7D1EBD83E}.Debug|Any CPU.ActiveCfg = Debug|Any CPU
		{05598608-CF42-49C1-A220-B1B7D1EBD83E}.Debug|Any CPU.Build.0 = Debug|Any CPU
		{05598608-CF42-49C1-A220-B1B7D1EBD83E}.Release|Any CPU.ActiveCfg = Release|Any CPU
		{05598608-CF42-49C1-A220-B1B7D1EBD83E}.Release|Any CPU.Build.0 = Release|Any CPU
	EndGlobalSection
	GlobalSection(SolutionProperties) = preSolution
		HideSolutionNode = FALSE
	EndGlobalSection
EndGlobal
